
Microsoft Visual Studio Solution File, Format Version 12.00
# Visual Studio Version 16
VisualStudioVersion = 16.0.31205.134
MinimumVisualStudioVersion = 10.0.40219.1
Project("{FAE04EC0-301F-11D3-BF4B-00C04F79EFBC}") = "TestServer", "Network programming tests\TestServer.csproj", "{1F0BEC81-F1A9-4998-997A-360BC97B4095}"
EndProject
Project("{FAE04EC0-301F-11D3-BF4B-00C04F79EFBC}") = "TestClient", "TestClient\TestClient.csproj", "{F5BEB10A-0312-44D6-A2A7-E5564CE5A4D5}"
EndProject
Project("{FAE04EC0-301F-11D3-BF4B-00C04F79EFBC}") = "TestPeer-Peer", "TestPeer-Peer\TestPeer-Peer.csproj", "{BEA8794C-0DC9-4754-A4DE-B3123B160666}"
EndProject
Project("{FAE04EC0-301F-11D3-BF4B-00C04F79EFBC}") = "SocketListener", "SocketListener\SocketListener.csproj", "{4AB5224D-9D57-41C5-AF26-2EF5E5BF375B}"
EndProject
Project("{FAE04EC0-301F-11D3-BF4B-00C04F79EFBC}") = "SocketClient", "SocketClient\SocketClient.csproj", "{EBA271A6-B79A-4A83-8DDA-FAE3DC761ACD}"
EndProject
Global
	GlobalSection(SolutionConfigurationPlatforms) = preSolution
		Debug|Any CPU = Debug|Any CPU
		Release|Any CPU = Release|Any CPU
	EndGlobalSection
	GlobalSection(ProjectConfigurationPlatforms) = postSolution
		{1F0BEC81-F1A9-4998-997A-360BC97B4095}.Debug|Any CPU.ActiveCfg = Debug|Any CPU
		{1F0BEC81-F1A9-4998-997A-360BC97B4095}.Debug|Any CPU.Build.0 = Debug|Any CPU
		{1F0BEC81-F1A9-4998-997A-360BC97B4095}.Release|Any CPU.ActiveCfg = Release|Any CPU
		{1F0BEC81-F1A9-4998-997A-360BC97B4095}.Release|Any CPU.Build.0 = Release|Any CPU
		{F5BEB10A-0312-44D6-A2A7-E5564CE5A4D5}.Debug|Any CPU.ActiveCfg = Debug|Any CPU
		{F5BEB10A-0312-44D6-A2A7-E5564CE5A4D5}.Debug|Any CPU.Build.0 = Debug|Any CPU
		{F5BEB10A-0312-44D6-A2A7-E5564CE5A4D5}.Release|Any CPU.ActiveCfg = Release|Any CPU
		{F5BEB10A-0312-44D6-A2A7-E5564CE5A4D5}.Release|Any CPU.Build.0 = Release|Any CPU
		{BEA8794C-0DC9-4754-A4DE-B3123B160666}.Debug|Any CPU.ActiveCfg = Debug|Any CPU
		{BEA8794C-0DC9-4754-A4DE-B3123B160666}.Debug|Any CPU.Build.0 = Debug|Any CPU
		{BEA8794C-0DC9-4754-A4DE-B3123B160666}.Release|Any CPU.ActiveCfg = Release|Any CPU
		{BEA8794C-0DC9-4754-A4DE-B3123B160666}.Release|Any CPU.Build.0 = Release|Any CPU
		{4AB5224D-9D57-41C5-AF26-2EF5E5BF375B}.Debug|Any CPU.ActiveCfg = Debug|Any CPU
		{4AB5224D-9D57-41C5-AF26-2EF5E5BF375B}.Debug|Any CPU.Build.0 = Debug|Any CPU
		{4AB5224D-9D57-41C5-AF26-2EF5E5BF375B}.Release|Any CPU.ActiveCfg = Release|Any CPU
		{4AB5224D-9D57-41C5-AF26-2EF5E5BF375B}.Release|Any CPU.Build.0 = Release|Any CPU
		{EBA271A6-B79A-4A83-8DDA-FAE3DC761ACD}.Debug|Any CPU.ActiveCfg = Debug|Any CPU
		{EBA271A6-B79A-4A83-8DDA-FAE3DC761ACD}.Debug|Any CPU.Build.0 = Debug|Any CPU
		{EBA271A6-B79A-4A83-8DDA-FAE3DC761ACD}.Release|Any CPU.ActiveCfg = Release|Any CPU
		{EBA271A6-B79A-4A83-8DDA-FAE3DC761ACD}.Release|Any CPU.Build.0 = Release|Any CPU
	EndGlobalSection
	GlobalSection(SolutionProperties) = preSolution
		HideSolutionNode = FALSE
	EndGlobalSection
	GlobalSection(ExtensibilityGlobals) = postSolution
		SolutionGuid = {F0FDA63B-D51A-4A62-A828-5B10E133CAB1}
	EndGlobalSection
EndGlobal
